<Solution>
  <Project Path="Template.Console.UI/Template.Console.UI.csproj" />
  <Project Path="Template.Core/Template.Core.csproj" />
  <Project Path="Template.Dati/Template.Dati.csproj" />
  <Project Path="Template.Web.Blazor/Template.Web.Blazor.csproj" Id="f13462b7-bd3a-47b2-bcda-05933f83b913" />
  <Project Path="Template.Web.Empty/Template.Web.Empty.csproj" Id="871b5015-2cb2-42d4-879e-f71e195edf40" />
  <Project Path="Template.Web.MVC/Template.Web.MVC.csproj" Id="3d508bb8-a3ba-4252-85ff-cc52e0b6f955" />
</Solution>
